
Microsoft Visual Studio Solution File, Format Version 12.00
# Visual Studio Version 17
VisualStudioVersion = 17.8.34330.188
MinimumVisualStudioVersion = 10.0.40219.1
Project("{FAE04EC0-301F-11D3-BF4B-00C04F79EFBC}") = "SuperZapatosAPI", "SuperZapatosAPI\SuperZapatosAPI.csproj", "{853D3085-4C85-4CCF-B92E-6B1C3BAAEC08}"
EndProject
Project("{FAE04EC0-301F-11D3-BF4B-00C04F79EFBC}") = "DB", "DB\DB.csproj", "{44009690-BBC9-4E1D-923D-369CD2F6E78E}"
EndProject
Global
	GlobalSection(SolutionConfigurationPlatforms) = preSolution
		Debug|Any CPU = Debug|Any CPU
		Release|Any CPU = Release|Any CPU
	EndGlobalSection
	GlobalSection(ProjectConfigurationPlatforms) = postSolution
		{853D3085-4C85-4CCF-B92E-6B1C3BAAEC08}.Debug|Any CPU.ActiveCfg = Debug|Any CPU
		{853D3085-4C85-4CCF-B92E-6B1C3BAAEC08}.Debug|Any CPU.Build.0 = Debug|Any CPU
		{853D3085-4C85-4CCF-B92E-6B1C3BAAEC08}.Release|Any CPU.ActiveCfg = Release|Any CPU
		{853D3085-4C85-4CCF-B92E-6B1C3BAAEC08}.Release|Any CPU.Build.0 = Release|Any CPU
		{44009690-BBC9-4E1D-923D-369CD2F6E78E}.Debug|Any CPU.ActiveCfg = Debug|Any CPU
		{44009690-BBC9-4E1D-923D-369CD2F6E78E}.Debug|Any CPU.Build.0 = Debug|Any CPU
		{44009690-BBC9-4E1D-923D-369CD2F6E78E}.Release|Any CPU.ActiveCfg = Release|Any CPU
		{44009690-BBC9-4E1D-923D-369CD2F6E78E}.Release|Any CPU.Build.0 = Release|Any CPU
	EndGlobalSection
	GlobalSection(SolutionProperties) = preSolution
		HideSolutionNode = FALSE
	EndGlobalSection
	GlobalSection(ExtensibilityGlobals) = postSolution
		SolutionGuid = {DCE3ADED-E468-496F-A263-C1C312C209BE}
	EndGlobalSection
EndGlobal
